
Microsoft Visual Studio Solution File, Format Version 12.00
# Visual Studio Version 17
VisualStudioVersion = 17.3.32929.385
MinimumVisualStudioVersion = 10.0.40219.1
Project("{FAE04EC0-301F-11D3-BF4B-00C04F79EFBC}") = "arraysAndLists", "arraysAndLists\arraysAndLists.csproj", "{5D7B5545-94FD-4611-9DA8-B96757DE0F9C}"
EndProject
Global
	GlobalSection(SolutionConfigurationPlatforms) = preSolution
		Debug|Any CPU = Debug|Any CPU
		Release|Any CPU = Release|Any CPU
	EndGlobalSection
	GlobalSection(ProjectConfigurationPlatforms) = postSolution
		{5D7B5545-94FD-4611-9DA8-B96757DE0F9C}.Debug|Any CPU.ActiveCfg = Debug|Any CPU
		{5D7B5545-94FD-4611-9DA8-B96757DE0F9C}.Debug|Any CPU.Build.0 = Debug|Any CPU
		{5D7B5545-94FD-4611-9DA8-B96757DE0F9C}.Release|Any CPU.ActiveCfg = Release|Any CPU
		{5D7B5545-94FD-4611-9DA8-B96757DE0F9C}.Release|Any CPU.Build.0 = Release|Any CPU
	EndGlobalSection
	GlobalSection(SolutionProperties) = preSolution
		HideSolutionNode = FALSE
	EndGlobalSection
	GlobalSection(ExtensibilityGlobals) = postSolution
		SolutionGuid = {EC86E201-1046-40BD-B812-36A4BD91D202}
	EndGlobalSection
EndGlobal
